
Microsoft Visual Studio Solution File, Format Version 12.00
# Visual Studio Version 17
VisualStudioVersion = 17.13.35507.96 d17.13
MinimumVisualStudioVersion = 10.0.40219.1
Project("{FAE04EC0-301F-11D3-BF4B-00C04F79EFBC}") = "AvaloniaOpenGLTest", "AvaloniaOpenGLTest\AvaloniaOpenGLTest.csproj", "{4FC49226-AABF-46AD-A2DC-EE8B67DA9C0E}"
EndProject
Global
	GlobalSection(SolutionConfigurationPlatforms) = preSolution
		Debug|Any CPU = Debug|Any CPU
		Release|Any CPU = Release|Any CPU
	EndGlobalSection
	GlobalSection(ProjectConfigurationPlatforms) = postSolution
		{4FC49226-AABF-46AD-A2DC-EE8B67DA9C0E}.Debug|Any CPU.ActiveCfg = Debug|Any CPU
		{4FC49226-AABF-46AD-A2DC-EE8B67DA9C0E}.Debug|Any CPU.Build.0 = Debug|Any CPU
		{4FC49226-AABF-46AD-A2DC-EE8B67DA9C0E}.Release|Any CPU.ActiveCfg = Release|Any CPU
		{4FC49226-AABF-46AD-A2DC-EE8B67DA9C0E}.Release|Any CPU.Build.0 = Release|Any CPU
	EndGlobalSection
	GlobalSection(SolutionProperties) = preSolution
		HideSolutionNode = FALSE
	EndGlobalSection
	GlobalSection(ExtensibilityGlobals) = postSolution
		SolutionGuid = {BE0B563D-D783-4D08-8AAA-9FA4C844C96D}
	EndGlobalSection
EndGlobal
